// !$*UTF8*$!
{
	archiveVersion = 1;
	classes = {
	};
	objectVersion = 56;
	objects = {

/* Begin PBXBuildFile section */
		0D15FE972A80033E00FD64E4 /* APIBuilder.swift in Sources */ = {isa = PBXBuildFile; fileRef = 0D15FE962A80033E00FD64E4 /* APIBuilder.swift */; };
		0D15FE9A2A80099100FD64E4 /* Receita.swift in Sources */ = {isa = PBXBuildFile; fileRef = 0D15FE992A80099100FD64E4 /* Receita.swift */; };
		0D15FEA02A801AB500FD64E4 /* LandingPage.swift in Sources */ = {isa = PBXBuildFile; fileRef = 0D15FE9D2A801AB500FD64E4 /* LandingPage.swift */; };
		0D15FEA52A801D6100FD64E4 /* ViewCordinator.swift in Sources */ = {isa = PBXBuildFile; fileRef = 0D15FEA42A801D6100FD64E4 /* ViewCordinator.swift */; };
		0D15FEA82A801D7B00FD64E4 /* Route.swift in Sources */ = {isa = PBXBuildFile; fileRef = 0D15FEA72A801D7B00FD64E4 /* Route.swift */; };
		0D15FEAC2A801E7D00FD64E4 /* LoginView.swift in Sources */ = {isa = PBXBuildFile; fileRef = 0D15FEA92A801E7D00FD64E4 /* LoginView.swift */; };
		0D15FEAD2A801E7D00FD64E4 /* LoginViewModel.swift in Sources */ = {isa = PBXBuildFile; fileRef = 0D15FEAA2A801E7D00FD64E4 /* LoginViewModel.swift */; };
		0D15FEAE2A801E7D00FD64E4 /* Login.swift in Sources */ = {isa = PBXBuildFile; fileRef = 0D15FEAB2A801E7D00FD64E4 /* Login.swift */; };
		0D15FEB22A801EB200FD64E4 /* CadastroView.swift in Sources */ = {isa = PBXBuildFile; fileRef = 0D15FEAF2A801EB200FD64E4 /* CadastroView.swift */; };
		0D15FEB32A801EB200FD64E4 /* CadastroViewModel.swift in Sources */ = {isa = PBXBuildFile; fileRef = 0D15FEB02A801EB200FD64E4 /* CadastroViewModel.swift */; };
		0D15FEB42A801EB200FD64E4 /* Cadastro.swift in Sources */ = {isa = PBXBuildFile; fileRef = 0D15FEB12A801EB200FD64E4 /* Cadastro.swift */; };
		0D15FEB72A80205900FD64E4 /* AssetImage.swift in Sources */ = {isa = PBXBuildFile; fileRef = 0D15FEB62A80205900FD64E4 /* AssetImage.swift */; };
		0D15FEB92A80208E00FD64E4 /* AssetColor.swift in Sources */ = {isa = PBXBuildFile; fileRef = 0D15FEB82A80208E00FD64E4 /* AssetColor.swift */; };
		0D15FEBB2A8020F500FD64E4 /* LabelContent.swift in Sources */ = {isa = PBXBuildFile; fileRef = 0D15FEBA2A8020F500FD64E4 /* LabelContent.swift */; };
		0D15FEBE2A80253800FD64E4 /* ReceitinhaTextField.swift in Sources */ = {isa = PBXBuildFile; fileRef = 0D15FEBD2A80253800FD64E4 /* ReceitinhaTextField.swift */; };
		0D15FEC22A8036FB00FD64E4 /* APICaller.swift in Sources */ = {isa = PBXBuildFile; fileRef = 0D15FEC12A8036FB00FD64E4 /* APICaller.swift */; };
		0D15FEC62A80772100FD64E4 /* AuthManager.swift in Sources */ = {isa = PBXBuildFile; fileRef = 0D15FEC52A80772100FD64E4 /* AuthManager.swift */; };
		0D6337132A7BEE8300EE9699 /* ReceitinhaButton.swift in Sources */ = {isa = PBXBuildFile; fileRef = 0D6337122A7BEE8300EE9699 /* ReceitinhaButton.swift */; };
		0D6337162A7C34B700EE9699 /* ReceitinhaButtonType.swift in Sources */ = {isa = PBXBuildFile; fileRef = 0D6337152A7C34B700EE9699 /* ReceitinhaButtonType.swift */; };
		0D6337182A7C34D400EE9699 /* ReceitinhaButtonViewModel.swift in Sources */ = {isa = PBXBuildFile; fileRef = 0D6337172A7C34D400EE9699 /* ReceitinhaButtonViewModel.swift */; };
		0D6337232A7CAEDC00EE9699 /* MainView.swift in Sources */ = {isa = PBXBuildFile; fileRef = 0D6337222A7CAEDC00EE9699 /* MainView.swift */; };
		0D6337282A7CAFAE00EE9699 /* ProcurarReceitaView.swift in Sources */ = {isa = PBXBuildFile; fileRef = 0D6337252A7CAFAE00EE9699 /* ProcurarReceitaView.swift */; };
		0D6337292A7CAFAE00EE9699 /* ProcurarReceitaViewModel.swift in Sources */ = {isa = PBXBuildFile; fileRef = 0D6337262A7CAFAE00EE9699 /* ProcurarReceitaViewModel.swift */; };
		0D63372A2A7CAFAE00EE9699 /* ProcurarReceita.swift in Sources */ = {isa = PBXBuildFile; fileRef = 0D6337272A7CAFAE00EE9699 /* ProcurarReceita.swift */; };
		0D63372D2A7CAFC500EE9699 /* ReceitasViewModel.swift in Sources */ = {isa = PBXBuildFile; fileRef = 0D63372B2A7CAFC500EE9699 /* ReceitasViewModel.swift */; };
		0D63372E2A7CAFC500EE9699 /* Receitas.swift in Sources */ = {isa = PBXBuildFile; fileRef = 0D63372C2A7CAFC500EE9699 /* Receitas.swift */; };
		CA29417A2A7BE3F4007AE12C /* receitinha_frontendApp.swift in Sources */ = {isa = PBXBuildFile; fileRef = CA2941792A7BE3F4007AE12C /* receitinha_frontendApp.swift */; };
		CA29417C2A7BE3F4007AE12C /* ReceitasView.swift in Sources */ = {isa = PBXBuildFile; fileRef = CA29417B2A7BE3F4007AE12C /* ReceitasView.swift */; };
		CA29417E2A7BE3F4007AE12C /* Assets.xcassets in Resources */ = {isa = PBXBuildFile; fileRef = CA29417D2A7BE3F4007AE12C /* Assets.xcassets */; };
		CA2941812A7BE3F4007AE12C /* Preview Assets.xcassets in Resources */ = {isa = PBXBuildFile; fileRef = CA2941802A7BE3F4007AE12C /* Preview Assets.xcassets */; };
/* End PBXBuildFile section */

/* Begin PBXFileReference section */
		0D15FE962A80033E00FD64E4 /* APIBuilder.swift */ = {isa = PBXFileReference; lastKnownFileType = sourcecode.swift; path = APIBuilder.swift; sourceTree = "<group>"; };
		0D15FE992A80099100FD64E4 /* Receita.swift */ = {isa = PBXFileReference; lastKnownFileType = sourcecode.swift; path = Receita.swift; sourceTree = "<group>"; };
		0D15FE9D2A801AB500FD64E4 /* LandingPage.swift */ = {isa = PBXFileReference; lastKnownFileType = sourcecode.swift; path = LandingPage.swift; sourceTree = "<group>"; };
		0D15FEA42A801D6100FD64E4 /* ViewCordinator.swift */ = {isa = PBXFileReference; lastKnownFileType = sourcecode.swift; path = ViewCordinator.swift; sourceTree = "<group>"; };
		0D15FEA72A801D7B00FD64E4 /* Route.swift */ = {isa = PBXFileReference; lastKnownFileType = sourcecode.swift; path = Route.swift; sourceTree = "<group>"; };
		0D15FEA92A801E7D00FD64E4 /* LoginView.swift */ = {isa = PBXFileReference; lastKnownFileType = sourcecode.swift; path = LoginView.swift; sourceTree = "<group>"; };
		0D15FEAA2A801E7D00FD64E4 /* LoginViewModel.swift */ = {isa = PBXFileReference; lastKnownFileType = sourcecode.swift; path = LoginViewModel.swift; sourceTree = "<group>"; };
		0D15FEAB2A801E7D00FD64E4 /* Login.swift */ = {isa = PBXFileReference; lastKnownFileType = sourcecode.swift; path = Login.swift; sourceTree = "<group>"; };
		0D15FEAF2A801EB200FD64E4 /* CadastroView.swift */ = {isa = PBXFileReference; lastKnownFileType = sourcecode.swift; path = CadastroView.swift; sourceTree = "<group>"; };
		0D15FEB02A801EB200FD64E4 /* CadastroViewModel.swift */ = {isa = PBXFileReference; lastKnownFileType = sourcecode.swift; path = CadastroViewModel.swift; sourceTree = "<group>"; };
		0D15FEB12A801EB200FD64E4 /* Cadastro.swift */ = {isa = PBXFileReference; lastKnownFileType = sourcecode.swift; path = Cadastro.swift; sourceTree = "<group>"; };
		0D15FEB62A80205900FD64E4 /* AssetImage.swift */ = {isa = PBXFileReference; lastKnownFileType = sourcecode.swift; path = AssetImage.swift; sourceTree = "<group>"; };
		0D15FEB82A80208E00FD64E4 /* AssetColor.swift */ = {isa = PBXFileReference; lastKnownFileType = sourcecode.swift; path = AssetColor.swift; sourceTree = "<group>"; };
		0D15FEBA2A8020F500FD64E4 /* LabelContent.swift */ = {isa = PBXFileReference; lastKnownFileType = sourcecode.swift; path = LabelContent.swift; sourceTree = "<group>"; };
		0D15FEBD2A80253800FD64E4 /* ReceitinhaTextField.swift */ = {isa = PBXFileReference; lastKnownFileType = sourcecode.swift; path = ReceitinhaTextField.swift; sourceTree = "<group>"; };
		0D15FEC12A8036FB00FD64E4 /* APICaller.swift */ = {isa = PBXFileReference; lastKnownFileType = sourcecode.swift; path = APICaller.swift; sourceTree = "<group>"; };
		0D15FEC52A80772100FD64E4 /* AuthManager.swift */ = {isa = PBXFileReference; lastKnownFileType = sourcecode.swift; path = AuthManager.swift; sourceTree = "<group>"; };
		0D6337122A7BEE8300EE9699 /* ReceitinhaButton.swift */ = {isa = PBXFileReference; lastKnownFileType = sourcecode.swift; path = ReceitinhaButton.swift; sourceTree = "<group>"; };
		0D6337152A7C34B700EE9699 /* ReceitinhaButtonType.swift */ = {isa = PBXFileReference; lastKnownFileType = sourcecode.swift; path = ReceitinhaButtonType.swift; sourceTree = "<group>"; };
		0D6337172A7C34D400EE9699 /* ReceitinhaButtonViewModel.swift */ = {isa = PBXFileReference; lastKnownFileType = sourcecode.swift; path = ReceitinhaButtonViewModel.swift; sourceTree = "<group>"; };
		0D6337222A7CAEDC00EE9699 /* MainView.swift */ = {isa = PBXFileReference; lastKnownFileType = sourcecode.swift; path = MainView.swift; sourceTree = "<group>"; };
		0D6337252A7CAFAE00EE9699 /* ProcurarReceitaView.swift */ = {isa = PBXFileReference; lastKnownFileType = sourcecode.swift; path = ProcurarReceitaView.swift; sourceTree = "<group>"; };
		0D6337262A7CAFAE00EE9699 /* ProcurarReceitaViewModel.swift */ = {isa = PBXFileReference; lastKnownFileType = sourcecode.swift; path = ProcurarReceitaViewModel.swift; sourceTree = "<group>"; };
		0D6337272A7CAFAE00EE9699 /* ProcurarReceita.swift */ = {isa = PBXFileReference; lastKnownFileType = sourcecode.swift; path = ProcurarReceita.swift; sourceTree = "<group>"; };
		0D63372B2A7CAFC500EE9699 /* ReceitasViewModel.swift */ = {isa = PBXFileReference; lastKnownFileType = sourcecode.swift; path = ReceitasViewModel.swift; sourceTree = "<group>"; };
		0D63372C2A7CAFC500EE9699 /* Receitas.swift */ = {isa = PBXFileReference; lastKnownFileType = sourcecode.swift; path = Receitas.swift; sourceTree = "<group>"; };
		CA2941762A7BE3F4007AE12C /* receitinha-frontend.app */ = {isa = PBXFileReference; explicitFileType = wrapper.application; includeInIndex = 0; path = "receitinha-frontend.app"; sourceTree = BUILT_PRODUCTS_DIR; };
		CA2941792A7BE3F4007AE12C /* receitinha_frontendApp.swift */ = {isa = PBXFileReference; lastKnownFileType = sourcecode.swift; path = receitinha_frontendApp.swift; sourceTree = "<group>"; };
		CA29417B2A7BE3F4007AE12C /* ReceitasView.swift */ = {isa = PBXFileReference; lastKnownFileType = sourcecode.swift; path = ReceitasView.swift; sourceTree = "<group>"; };
		CA29417D2A7BE3F4007AE12C /* Assets.xcassets */ = {isa = PBXFileReference; lastKnownFileType = folder.assetcatalog; path = Assets.xcassets; sourceTree = "<group>"; };
		CA2941802A7BE3F4007AE12C /* Preview Assets.xcassets */ = {isa = PBXFileReference; lastKnownFileType = folder.assetcatalog; path = "Preview Assets.xcassets"; sourceTree = "<group>"; };
/* End PBXFileReference section */

/* Begin PBXFrameworksBuildPhase section */
		CA2941732A7BE3F3007AE12C /* Frameworks */ = {
			isa = PBXFrameworksBuildPhase;
			buildActionMask = 2147483647;
			files = (
			);
			runOnlyForDeploymentPostprocessing = 0;
		};
/* End PBXFrameworksBuildPhase section */

/* Begin PBXGroup section */
		0D15FE952A80032C00FD64E4 /* Service */ = {
			isa = PBXGroup;
			children = (
				0D15FE962A80033E00FD64E4 /* APIBuilder.swift */,
				0D15FEC12A8036FB00FD64E4 /* APICaller.swift */,
			);
			path = Service;
			sourceTree = "<group>";
		};
		0D15FE982A80098700FD64E4 /* Model */ = {
			isa = PBXGroup;
			children = (
				0D15FE992A80099100FD64E4 /* Receita.swift */,
			);
			path = Model;
			sourceTree = "<group>";
		};
		0D15FE9B2A801A9B00FD64E4 /* LandingPage */ = {
			isa = PBXGroup;
			children = (
				0D15FE9D2A801AB500FD64E4 /* LandingPage.swift */,
			);
			path = LandingPage;
			sourceTree = "<group>";
		};
		0D15FE9C2A801AA500FD64E4 /* Cadastro */ = {
			isa = PBXGroup;
			children = (
				0D15FEAF2A801EB200FD64E4 /* CadastroView.swift */,
				0D15FEB02A801EB200FD64E4 /* CadastroViewModel.swift */,
				0D15FEB12A801EB200FD64E4 /* Cadastro.swift */,
			);
			path = Cadastro;
			sourceTree = "<group>";
		};
		0D15FEA32A801D3500FD64E4 /* Cordinator */ = {
			isa = PBXGroup;
			children = (
				0D15FEA42A801D6100FD64E4 /* ViewCordinator.swift */,
			);
			path = Cordinator;
			sourceTree = "<group>";
		};
		0D15FEA62A801D6C00FD64E4 /* Screen */ = {
			isa = PBXGroup;
			children = (
				0D15FEA72A801D7B00FD64E4 /* Route.swift */,
			);
			path = Screen;
			sourceTree = "<group>";
		};
		0D15FEB52A80204700FD64E4 /* Constants */ = {
			isa = PBXGroup;
			children = (
				0D15FEB62A80205900FD64E4 /* AssetImage.swift */,
				0D15FEB82A80208E00FD64E4 /* AssetColor.swift */,
				0D15FEBA2A8020F500FD64E4 /* LabelContent.swift */,
			);
			path = Constants;
			sourceTree = "<group>";
		};
		0D15FEBC2A80251B00FD64E4 /* ReceitinhaTextField */ = {
			isa = PBXGroup;
			children = (
				0D15FEBD2A80253800FD64E4 /* ReceitinhaTextField.swift */,
			);
			path = ReceitinhaTextField;
			sourceTree = "<group>";
		};
		0D15FEC32A806A9900FD64E4 /* Login */ = {
			isa = PBXGroup;
			children = (
				0D15FEA92A801E7D00FD64E4 /* LoginView.swift */,
				0D15FEAA2A801E7D00FD64E4 /* LoginViewModel.swift */,
				0D15FEAB2A801E7D00FD64E4 /* Login.swift */,
			);
			path = Login;
			sourceTree = "<group>";
		};
		0D15FEC42A80770900FD64E4 /* Managers */ = {
			isa = PBXGroup;
			children = (
				0D15FEC52A80772100FD64E4 /* AuthManager.swift */,
			);
			path = Managers;
			sourceTree = "<group>";
		};
		0D63370E2A7BECDA00EE9699 /* Modules */ = {
			isa = PBXGroup;
			children = (
				0D15FEC32A806A9900FD64E4 /* Login */,
				0D15FE9C2A801AA500FD64E4 /* Cadastro */,
				0D15FE9B2A801A9B00FD64E4 /* LandingPage */,
				0D6337242A7CAF6A00EE9699 /* ProcurarReceita */,
				0D6337212A7CAE0B00EE9699 /* Receitas */,
				0D6337222A7CAEDC00EE9699 /* MainView.swift */,
			);
			path = Modules;
			sourceTree = "<group>";
		};
		0D63370F2A7BECE500EE9699 /* Components */ = {
			isa = PBXGroup;
			children = (
				0D15FEBC2A80251B00FD64E4 /* ReceitinhaTextField */,
				0D6337142A7C347100EE9699 /* ReceitinhaButton */,
			);
			path = Components;
			sourceTree = "<group>";
		};
		0D6337142A7C347100EE9699 /* ReceitinhaButton */ = {
			isa = PBXGroup;
			children = (
				0D6337122A7BEE8300EE9699 /* ReceitinhaButton.swift */,
				0D6337152A7C34B700EE9699 /* ReceitinhaButtonType.swift */,
				0D6337172A7C34D400EE9699 /* ReceitinhaButtonViewModel.swift */,
			);
			path = ReceitinhaButton;
			sourceTree = "<group>";
		};
		0D6337212A7CAE0B00EE9699 /* Receitas */ = {
			isa = PBXGroup;
			children = (
				CA29417B2A7BE3F4007AE12C /* ReceitasView.swift */,
				0D63372B2A7CAFC500EE9699 /* ReceitasViewModel.swift */,
				0D63372C2A7CAFC500EE9699 /* Receitas.swift */,
			);
			path = Receitas;
			sourceTree = "<group>";
		};
		0D6337242A7CAF6A00EE9699 /* ProcurarReceita */ = {
			isa = PBXGroup;
			children = (
				0D6337252A7CAFAE00EE9699 /* ProcurarReceitaView.swift */,
				0D6337262A7CAFAE00EE9699 /* ProcurarReceitaViewModel.swift */,
				0D6337272A7CAFAE00EE9699 /* ProcurarReceita.swift */,
			);
			path = ProcurarReceita;
			sourceTree = "<group>";
		};
		CA29416D2A7BE3F3007AE12C = {
			isa = PBXGroup;
			children = (
				CA2941782A7BE3F4007AE12C /* receitinha-frontend */,
				CA2941772A7BE3F4007AE12C /* Products */,
			);
			sourceTree = "<group>";
		};
		CA2941772A7BE3F4007AE12C /* Products */ = {
			isa = PBXGroup;
			children = (
				CA2941762A7BE3F4007AE12C /* receitinha-frontend.app */,
			);
			name = Products;
			sourceTree = "<group>";
		};
		CA2941782A7BE3F4007AE12C /* receitinha-frontend */ = {
			isa = PBXGroup;
			children = (
				0D15FEC42A80770900FD64E4 /* Managers */,
				0D15FEB52A80204700FD64E4 /* Constants */,
				0D15FEA62A801D6C00FD64E4 /* Screen */,
				0D15FEA32A801D3500FD64E4 /* Cordinator */,
				0D15FE982A80098700FD64E4 /* Model */,
				0D15FE952A80032C00FD64E4 /* Service */,
				0D63370F2A7BECE500EE9699 /* Components */,
				0D63370E2A7BECDA00EE9699 /* Modules */,
				CA2941792A7BE3F4007AE12C /* receitinha_frontendApp.swift */,
				CA29417D2A7BE3F4007AE12C /* Assets.xcassets */,
				CA29417F2A7BE3F4007AE12C /* Preview Content */,
			);
			path = "receitinha-frontend";
			sourceTree = "<group>";
		};
		CA29417F2A7BE3F4007AE12C /* Preview Content */ = {
			isa = PBXGroup;
			children = (
				CA2941802A7BE3F4007AE12C /* Preview Assets.xcassets */,
			);
			path = "Preview Content";
			sourceTree = "<group>";
		};
/* End PBXGroup section */

/* Begin PBXNativeTarget section */
		CA2941752A7BE3F3007AE12C /* receitinha-frontend */ = {
			isa = PBXNativeTarget;
			buildConfigurationList = CA2941842A7BE3F4007AE12C /* Build configuration list for PBXNativeTarget "receitinha-frontend" */;
			buildPhases = (
				CA2941722A7BE3F3007AE12C /* Sources */,
				CA2941732A7BE3F3007AE12C /* Frameworks */,
				CA2941742A7BE3F3007AE12C /* Resources */,
			);
			buildRules = (
			);
			dependencies = (
			);
			name = "receitinha-frontend";
			productName = "receitinha-frontend";
			productReference = CA2941762A7BE3F4007AE12C /* receitinha-frontend.app */;
			productType = "com.apple.product-type.application";
		};
/* End PBXNativeTarget section */

/* Begin PBXProject section */
		CA29416E2A7BE3F3007AE12C /* Project object */ = {
			isa = PBXProject;
			attributes = {
				BuildIndependentTargetsInParallel = 1;
				LastSwiftUpdateCheck = 1430;
				LastUpgradeCheck = 1430;
				TargetAttributes = {
					CA2941752A7BE3F3007AE12C = {
						CreatedOnToolsVersion = 14.3.1;
					};
				};
			};
			buildConfigurationList = CA2941712A7BE3F3007AE12C /* Build configuration list for PBXProject "receitinha-frontend" */;
			compatibilityVersion = "Xcode 14.0";
			developmentRegion = en;
			hasScannedForEncodings = 0;
			knownRegions = (
				en,
				Base,
			);
			mainGroup = CA29416D2A7BE3F3007AE12C;
			productRefGroup = CA2941772A7BE3F4007AE12C /* Products */;
			projectDirPath = "";
			projectRoot = "";
			targets = (
				CA2941752A7BE3F3007AE12C /* receitinha-frontend */,
			);
		};
/* End PBXProject section */

/* Begin PBXResourcesBuildPhase section */
		CA2941742A7BE3F3007AE12C /* Resources */ = {
			isa = PBXResourcesBuildPhase;
			buildActionMask = 2147483647;
			files = (
				CA2941812A7BE3F4007AE12C /* Preview Assets.xcassets in Resources */,
				CA29417E2A7BE3F4007AE12C /* Assets.xcassets in Resources */,
			);
			runOnlyForDeploymentPostprocessing = 0;
		};
/* End PBXResourcesBuildPhase section */

/* Begin PBXSourcesBuildPhase section */
		CA2941722A7BE3F3007AE12C /* Sources */ = {
			isa = PBXSourcesBuildPhase;
			buildActionMask = 2147483647;
			files = (
				0D6337292A7CAFAE00EE9699 /* ProcurarReceitaViewModel.swift in Sources */,
				0D15FEC62A80772100FD64E4 /* AuthManager.swift in Sources */,
				0D15FE9A2A80099100FD64E4 /* Receita.swift in Sources */,
				0D15FEB72A80205900FD64E4 /* AssetImage.swift in Sources */,
				0D6337132A7BEE8300EE9699 /* ReceitinhaButton.swift in Sources */,
				0D63372D2A7CAFC500EE9699 /* ReceitasViewModel.swift in Sources */,
				0D15FEA52A801D6100FD64E4 /* ViewCordinator.swift in Sources */,
				0D15FEA82A801D7B00FD64E4 /* Route.swift in Sources */,
				0D6337232A7CAEDC00EE9699 /* MainView.swift in Sources */,
				0D15FEBB2A8020F500FD64E4 /* LabelContent.swift in Sources */,
				0D63372E2A7CAFC500EE9699 /* Receitas.swift in Sources */,
				0D15FEAD2A801E7D00FD64E4 /* LoginViewModel.swift in Sources */,
				0D6337282A7CAFAE00EE9699 /* ProcurarReceitaView.swift in Sources */,
				0D63372A2A7CAFAE00EE9699 /* ProcurarReceita.swift in Sources */,
				0D15FEAC2A801E7D00FD64E4 /* LoginView.swift in Sources */,
				0D15FEA02A801AB500FD64E4 /* LandingPage.swift in Sources */,
				0D15FEBE2A80253800FD64E4 /* ReceitinhaTextField.swift in Sources */,
				0D15FEAE2A801E7D00FD64E4 /* Login.swift in Sources */,
				0D15FE972A80033E00FD64E4 /* APIBuilder.swift in Sources */,
				CA29417C2A7BE3F4007AE12C /* ReceitasView.swift in Sources */,
				0D15FEB32A801EB200FD64E4 /* CadastroViewModel.swift in Sources */,
				0D15FEB92A80208E00FD64E4 /* AssetColor.swift in Sources */,
				CA29417A2A7BE3F4007AE12C /* receitinha_frontendApp.swift in Sources */,
				0D15FEC22A8036FB00FD64E4 /* APICaller.swift in Sources */,
				0D15FEB42A801EB200FD64E4 /* Cadastro.swift in Sources */,
				0D15FEB22A801EB200FD64E4 /* CadastroView.swift in Sources */,
				0D6337182A7C34D400EE9699 /* ReceitinhaButtonViewModel.swift in Sources */,
				0D6337162A7C34B700EE9699 /* ReceitinhaButtonType.swift in Sources */,
			);
			runOnlyForDeploymentPostprocessing = 0;
		};
/* End PBXSourcesBuildPhase section */

/* Begin XCBuildConfiguration section */
		CA2941822A7BE3F4007AE12C /* Debug */ = {
			isa = XCBuildConfiguration;
			buildSettings = {
				ALWAYS_SEARCH_USER_PATHS = NO;
				CLANG_ANALYZER_NONNULL = YES;
				CLANG_ANALYZER_NUMBER_OBJECT_CONVERSION = YES_AGGRESSIVE;
				CLANG_CXX_LANGUAGE_STANDARD = "gnu++20";
				CLANG_ENABLE_MODULES = YES;
				CLANG_ENABLE_OBJC_ARC = YES;
				CLANG_ENABLE_OBJC_WEAK = YES;
				CLANG_WARN_BLOCK_CAPTURE_AUTORELEASING = YES;
				CLANG_WARN_BOOL_CONVERSION = YES;
				CLANG_WARN_COMMA = YES;
				CLANG_WARN_CONSTANT_CONVERSION = YES;
				CLANG_WARN_DEPRECATED_OBJC_IMPLEMENTATIONS = YES;
				CLANG_WARN_DIRECT_OBJC_ISA_USAGE = YES_ERROR;
				CLANG_WARN_DOCUMENTATION_COMMENTS = YES;
				CLANG_WARN_EMPTY_BODY = YES;
				CLANG_WARN_ENUM_CONVERSION = YES;
				CLANG_WARN_INFINITE_RECURSION = YES;
				CLANG_WARN_INT_CONVERSION = YES;
				CLANG_WARN_NON_LITERAL_NULL_CONVERSION = YES;
				CLANG_WARN_OBJC_IMPLICIT_RETAIN_SELF = YES;
				CLANG_WARN_OBJC_LITERAL_CONVERSION = YES;
				CLANG_WARN_OBJC_ROOT_CLASS = YES_ERROR;
				CLANG_WARN_QUOTED_INCLUDE_IN_FRAMEWORK_HEADER = YES;
				CLANG_WARN_RANGE_LOOP_ANALYSIS = YES;
				CLANG_WARN_STRICT_PROTOTYPES = YES;
				CLANG_WARN_SUSPICIOUS_MOVE = YES;
				CLANG_WARN_UNGUARDED_AVAILABILITY = YES_AGGRESSIVE;
				CLANG_WARN_UNREACHABLE_CODE = YES;
				CLANG_WARN__DUPLICATE_METHOD_MATCH = YES;
				COPY_PHASE_STRIP = NO;
				DEBUG_INFORMATION_FORMAT = dwarf;
				ENABLE_STRICT_OBJC_MSGSEND = YES;
				ENABLE_TESTABILITY = YES;
				GCC_C_LANGUAGE_STANDARD = gnu11;
				GCC_DYNAMIC_NO_PIC = NO;
				GCC_NO_COMMON_BLOCKS = YES;
				GCC_OPTIMIZATION_LEVEL = 0;
				GCC_PREPROCESSOR_DEFINITIONS = (
					"DEBUG=1",
					"$(inherited)",
				);
				GCC_WARN_64_TO_32_BIT_CONVERSION = YES;
				GCC_WARN_ABOUT_RETURN_TYPE = YES_ERROR;
				GCC_WARN_UNDECLARED_SELECTOR = YES;
				GCC_WARN_UNINITIALIZED_AUTOS = YES_AGGRESSIVE;
				GCC_WARN_UNUSED_FUNCTION = YES;
				GCC_WARN_UNUSED_VARIABLE = YES;
				IPHONEOS_DEPLOYMENT_TARGET = 16.4;
				MTL_ENABLE_DEBUG_INFO = INCLUDE_SOURCE;
				MTL_FAST_MATH = YES;
				ONLY_ACTIVE_ARCH = YES;
				SDKROOT = iphoneos;
				SWIFT_ACTIVE_COMPILATION_CONDITIONS = DEBUG;
				SWIFT_OPTIMIZATION_LEVEL = "-Onone";
			};
			name = Debug;
		};
		CA2941832A7BE3F4007AE12C /* Release */ = {
			isa = XCBuildConfiguration;
			buildSettings = {
				ALWAYS_SEARCH_USER_PATHS = NO;
				CLANG_ANALYZER_NONNULL = YES;
				CLANG_ANALYZER_NUMBER_OBJECT_CONVERSION = YES_AGGRESSIVE;
				CLANG_CXX_LANGUAGE_STANDARD = "gnu++20";
				CLANG_ENABLE_MODULES = YES;
				CLANG_ENABLE_OBJC_ARC = YES;
				CLANG_ENABLE_OBJC_WEAK = YES;
				CLANG_WARN_BLOCK_CAPTURE_AUTORELEASING = YES;
				CLANG_WARN_BOOL_CONVERSION = YES;
				CLANG_WARN_COMMA = YES;
				CLANG_WARN_CONSTANT_CONVERSION = YES;
				CLANG_WARN_DEPRECATED_OBJC_IMPLEMENTATIONS = YES;
				CLANG_WARN_DIRECT_OBJC_ISA_USAGE = YES_ERROR;
				CLANG_WARN_DOCUMENTATION_COMMENTS = YES;
				CLANG_WARN_EMPTY_BODY = YES;
				CLANG_WARN_ENUM_CONVERSION = YES;
				CLANG_WARN_INFINITE_RECURSION = YES;
				CLANG_WARN_INT_CONVERSION = YES;
				CLANG_WARN_NON_LITERAL_NULL_CONVERSION = YES;
				CLANG_WARN_OBJC_IMPLICIT_RETAIN_SELF = YES;
				CLANG_WARN_OBJC_LITERAL_CONVERSION = YES;
				CLANG_WARN_OBJC_ROOT_CLASS = YES_ERROR;
				CLANG_WARN_QUOTED_INCLUDE_IN_FRAMEWORK_HEADER = YES;
				CLANG_WARN_RANGE_LOOP_ANALYSIS = YES;
				CLANG_WARN_STRICT_PROTOTYPES = YES;
				CLANG_WARN_SUSPICIOUS_MOVE = YES;
				CLANG_WARN_UNGUARDED_AVAILABILITY = YES_AGGRESSIVE;
				CLANG_WARN_UNREACHABLE_CODE = YES;
				CLANG_WARN__DUPLICATE_METHOD_MATCH = YES;
				COPY_PHASE_STRIP = NO;
				DEBUG_INFORMATION_FORMAT = "dwarf-with-dsym";
				ENABLE_NS_ASSERTIONS = NO;
				ENABLE_STRICT_OBJC_MSGSEND = YES;
				GCC_C_LANGUAGE_STANDARD = gnu11;
				GCC_NO_COMMON_BLOCKS = YES;
				GCC_WARN_64_TO_32_BIT_CONVERSION = YES;
				GCC_WARN_ABOUT_RETURN_TYPE = YES_ERROR;
				GCC_WARN_UNDECLARED_SELECTOR = YES;
				GCC_WARN_UNINITIALIZED_AUTOS = YES_AGGRESSIVE;
				GCC_WARN_UNUSED_FUNCTION = YES;
				GCC_WARN_UNUSED_VARIABLE = YES;
				IPHONEOS_DEPLOYMENT_TARGET = 16.4;
				MTL_ENABLE_DEBUG_INFO = NO;
				MTL_FAST_MATH = YES;
				SDKROOT = iphoneos;
				SWIFT_COMPILATION_MODE = wholemodule;
				SWIFT_OPTIMIZATION_LEVEL = "-O";
				VALIDATE_PRODUCT = YES;
			};
			name = Release;
		};
		CA2941852A7BE3F4007AE12C /* Debug */ = {
			isa = XCBuildConfiguration;
			buildSettings = {
				ASSETCATALOG_COMPILER_APPICON_NAME = AppIcon;
				ASSETCATALOG_COMPILER_GLOBAL_ACCENT_COLOR_NAME = AccentColor;
				CODE_SIGN_STYLE = Automatic;
				CURRENT_PROJECT_VERSION = 1;
				DEVELOPMENT_ASSET_PATHS = "\"receitinha-frontend/Preview Content\"";
				DEVELOPMENT_TEAM = 4UVYB4V5UN;
				ENABLE_PREVIEWS = YES;
				GENERATE_INFOPLIST_FILE = YES;
				INFOPLIST_KEY_UIApplicationSceneManifest_Generation = YES;
				INFOPLIST_KEY_UIApplicationSupportsIndirectInputEvents = YES;
				INFOPLIST_KEY_UILaunchScreen_Generation = YES;
				INFOPLIST_KEY_UISupportedInterfaceOrientations_iPad = "UIInterfaceOrientationPortrait UIInterfaceOrientationPortraitUpsideDown UIInterfaceOrientationLandscapeLeft UIInterfaceOrientationLandscapeRight";
				INFOPLIST_KEY_UISupportedInterfaceOrientations_iPhone = "UIInterfaceOrientationPortrait UIInterfaceOrientationLandscapeLeft UIInterfaceOrientationLandscapeRight";
				LD_RUNPATH_SEARCH_PATHS = (
					"$(inherited)",
					"@executable_path/Frameworks",
				);
				MARKETING_VERSION = 1.0;
				PRODUCT_BUNDLE_IDENTIFIER = "br.ufpe.cin.academy.gfrm.receitinha-frontend";
				PRODUCT_NAME = "$(TARGET_NAME)";
				SWIFT_EMIT_LOC_STRINGS = YES;
				SWIFT_VERSION = 5.0;
				TARGETED_DEVICE_FAMILY = "1,2";
			};
			name = Debug;
		};
		CA2941862A7BE3F4007AE12C /* Release */ = {
			isa = XCBuildConfiguration;
			buildSettings = {
				ASSETCATALOG_COMPILER_APPICON_NAME = AppIcon;
				ASSETCATALOG_COMPILER_GLOBAL_ACCENT_COLOR_NAME = AccentColor;
				CODE_SIGN_STYLE = Automatic;
				CURRENT_PROJECT_VERSION = 1;
				DEVELOPMENT_ASSET_PATHS = "\"receitinha-frontend/Preview Content\"";
				DEVELOPMENT_TEAM = 4UVYB4V5UN;
				ENABLE_PREVIEWS = YES;
				GENERATE_INFOPLIST_FILE = YES;
				INFOPLIST_KEY_UIApplicationSceneManifest_Generation = YES;
				INFOPLIST_KEY_UIApplicationSupportsIndirectInputEvents = YES;
				INFOPLIST_KEY_UILaunchScreen_Generation = YES;
				INFOPLIST_KEY_UISupportedInterfaceOrientations_iPad = "UIInterfaceOrientationPortrait UIInterfaceOrientationPortraitUpsideDown UIInterfaceOrientationLandscapeLeft UIInterfaceOrientationLandscapeRight";
				INFOPLIST_KEY_UISupportedInterfaceOrientations_iPhone = "UIInterfaceOrientationPortrait UIInterfaceOrientationLandscapeLeft UIInterfaceOrientationLandscapeRight";
				LD_RUNPATH_SEARCH_PATHS = (
					"$(inherited)",
					"@executable_path/Frameworks",
				);
				MARKETING_VERSION = 1.0;
				PRODUCT_BUNDLE_IDENTIFIER = "br.ufpe.cin.academy.gfrm.receitinha-frontend";
				PRODUCT_NAME = "$(TARGET_NAME)";
				SWIFT_EMIT_LOC_STRINGS = YES;
				SWIFT_VERSION = 5.0;
				TARGETED_DEVICE_FAMILY = "1,2";
			};
			name = Release;
		};
/* End XCBuildConfiguration section */

/* Begin XCConfigurationList section */
		CA2941712A7BE3F3007AE12C /* Build configuration list for PBXProject "receitinha-frontend" */ = {
			isa = XCConfigurationList;
			buildConfigurations = (
				CA2941822A7BE3F4007AE12C /* Debug */,
				CA2941832A7BE3F4007AE12C /* Release */,
			);
			defaultConfigurationIsVisible = 0;
			defaultConfigurationName = Release;
		};
		CA2941842A7BE3F4007AE12C /* Build configuration list for PBXNativeTarget "receitinha-frontend" */ = {
			isa = XCConfigurationList;
			buildConfigurations = (
				CA2941852A7BE3F4007AE12C /* Debug */,
				CA2941862A7BE3F4007AE12C /* Release */,
			);
			defaultConfigurationIsVisible = 0;
			defaultConfigurationName = Release;
		};
/* End XCConfigurationList section */
	};
	rootObject = CA29416E2A7BE3F3007AE12C /* Project object */;
}
